
Microsoft Visual Studio Solution File, Format Version 12.00
# Visual Studio Version 17
VisualStudioVersion = 17.2.32630.192
MinimumVisualStudioVersion = 10.0.40219.1
Project("{FAE04EC0-301F-11D3-BF4B-00C04F79EFBC}") = "SOSGame", "SOSGame\SOSGame.csproj", "{DE7A7746-A84F-4F6F-8734-33C626385621}"
EndProject
Global
	GlobalSection(SolutionConfigurationPlatforms) = preSolution
		Debug|Any CPU = Debug|Any CPU
		Release|Any CPU = Release|Any CPU
	EndGlobalSection
	GlobalSection(ProjectConfigurationPlatforms) = postSolution
		{DE7A7746-A84F-4F6F-8734-33C626385621}.Debug|Any CPU.ActiveCfg = Debug|Any CPU
		{DE7A7746-A84F-4F6F-8734-33C626385621}.Debug|Any CPU.Build.0 = Debug|Any CPU
		{DE7A7746-A84F-4F6F-8734-33C626385621}.Release|Any CPU.ActiveCfg = Release|Any CPU
		{DE7A7746-A84F-4F6F-8734-33C626385621}.Release|Any CPU.Build.0 = Release|Any CPU
	EndGlobalSection
	GlobalSection(SolutionProperties) = preSolution
		HideSolutionNode = FALSE
	EndGlobalSection
	GlobalSection(ExtensibilityGlobals) = postSolution
		SolutionGuid = {A2633EE7-8636-4CE3-8DAD-6AC631EE38F1}
	EndGlobalSection
EndGlobal
